// !$*UTF8*$!
{
	archiveVersion = 1;
	classes = {
	};
	objectVersion = 55;
	objects = {

/* Begin PBXBuildFile section */
		F83122DB2727FD9100D4E328 /* EmojiArtApp.swift in Sources */ = {isa = PBXBuildFile; fileRef = F83122DA2727FD9100D4E328 /* EmojiArtApp.swift */; };
		F83122DD2727FD9100D4E328 /* EmojiArtDocumentView.swift in Sources */ = {isa = PBXBuildFile; fileRef = F83122DC2727FD9100D4E328 /* EmojiArtDocumentView.swift */; };
		F83122DF2727FD9300D4E328 /* Assets.xcassets in Resources */ = {isa = PBXBuildFile; fileRef = F83122DE2727FD9300D4E328 /* Assets.xcassets */; };
		F83122E22727FD9300D4E328 /* Preview Assets.xcassets in Resources */ = {isa = PBXBuildFile; fileRef = F83122E12727FD9300D4E328 /* Preview Assets.xcassets */; };
		F83122EC2727FD9300D4E328 /* EmojiArtTests.swift in Sources */ = {isa = PBXBuildFile; fileRef = F83122EB2727FD9300D4E328 /* EmojiArtTests.swift */; };
		F83122F62727FD9300D4E328 /* EmojiArtUITests.swift in Sources */ = {isa = PBXBuildFile; fileRef = F83122F52727FD9300D4E328 /* EmojiArtUITests.swift */; };
		F83122F82727FD9300D4E328 /* EmojiArtUITestsLaunchTests.swift in Sources */ = {isa = PBXBuildFile; fileRef = F83122F72727FD9300D4E328 /* EmojiArtUITestsLaunchTests.swift */; };
		F83123052727FE0C00D4E328 /* EmojiArtDocumentVM.swift in Sources */ = {isa = PBXBuildFile; fileRef = F83123042727FE0C00D4E328 /* EmojiArtDocumentVM.swift */; };
		F8312307272808CE00D4E328 /* EmojiArtModel.swift in Sources */ = {isa = PBXBuildFile; fileRef = F8312306272808CE00D4E328 /* EmojiArtModel.swift */; };
		F831230B2728132700D4E328 /* EmojiArtExtensions.swift in Sources */ = {isa = PBXBuildFile; fileRef = F831230A2728132700D4E328 /* EmojiArtExtensions.swift */; };
		F831230D2729675C00D4E328 /* OptionalImage.swift in Sources */ = {isa = PBXBuildFile; fileRef = F831230C2729675C00D4E328 /* OptionalImage.swift */; };
		F831230F272A76F400D4E328 /* AnimatableSystemFontModifier.swift in Sources */ = {isa = PBXBuildFile; fileRef = F831230E272A76F300D4E328 /* AnimatableSystemFontModifier.swift */; };
		F8312311272AAD3E00D4E328 /* Spinning.swift in Sources */ = {isa = PBXBuildFile; fileRef = F8312310272AAD3E00D4E328 /* Spinning.swift */; };
/* End PBXBuildFile section */

/* Begin PBXContainerItemProxy section */
		F83122E82727FD9300D4E328 /* PBXContainerItemProxy */ = {
			isa = PBXContainerItemProxy;
			containerPortal = F83122CF2727FD9100D4E328 /* Project object */;
			proxyType = 1;
			remoteGlobalIDString = F83122D62727FD9100D4E328;
			remoteInfo = EmojiArt;
		};
		F83122F22727FD9300D4E328 /* PBXContainerItemProxy */ = {
			isa = PBXContainerItemProxy;
			containerPortal = F83122CF2727FD9100D4E328 /* Project object */;
			proxyType = 1;
			remoteGlobalIDString = F83122D62727FD9100D4E328;
			remoteInfo = EmojiArt;
		};
/* End PBXContainerItemProxy section */

/* Begin PBXFileReference section */
		F83122D72727FD9100D4E328 /* EmojiArt.app */ = {isa = PBXFileReference; explicitFileType = wrapper.application; includeInIndex = 0; path = EmojiArt.app; sourceTree = BUILT_PRODUCTS_DIR; };
		F83122DA2727FD9100D4E328 /* EmojiArtApp.swift */ = {isa = PBXFileReference; lastKnownFileType = sourcecode.swift; path = EmojiArtApp.swift; sourceTree = "<group>"; };
		F83122DC2727FD9100D4E328 /* EmojiArtDocumentView.swift */ = {isa = PBXFileReference; lastKnownFileType = sourcecode.swift; path = EmojiArtDocumentView.swift; sourceTree = "<group>"; };
		F83122DE2727FD9300D4E328 /* Assets.xcassets */ = {isa = PBXFileReference; lastKnownFileType = folder.assetcatalog; path = Assets.xcassets; sourceTree = "<group>"; };
		F83122E12727FD9300D4E328 /* Preview Assets.xcassets */ = {isa = PBXFileReference; lastKnownFileType = folder.assetcatalog; path = "Preview Assets.xcassets"; sourceTree = "<group>"; };
		F83122E72727FD9300D4E328 /* EmojiArtTests.xctest */ = {isa = PBXFileReference; explicitFileType = wrapper.cfbundle; includeInIndex = 0; path = EmojiArtTests.xctest; sourceTree = BUILT_PRODUCTS_DIR; };
		F83122EB2727FD9300D4E328 /* EmojiArtTests.swift */ = {isa = PBXFileReference; lastKnownFileType = sourcecode.swift; path = EmojiArtTests.swift; sourceTree = "<group>"; };
		F83122F12727FD9300D4E328 /* EmojiArtUITests.xctest */ = {isa = PBXFileReference; explicitFileType = wrapper.cfbundle; includeInIndex = 0; path = EmojiArtUITests.xctest; sourceTree = BUILT_PRODUCTS_DIR; };
		F83122F52727FD9300D4E328 /* EmojiArtUITests.swift */ = {isa = PBXFileReference; lastKnownFileType = sourcecode.swift; path = EmojiArtUITests.swift; sourceTree = "<group>"; };
		F83122F72727FD9300D4E328 /* EmojiArtUITestsLaunchTests.swift */ = {isa = PBXFileReference; lastKnownFileType = sourcecode.swift; path = EmojiArtUITestsLaunchTests.swift; sourceTree = "<group>"; };
		F83123042727FE0C00D4E328 /* EmojiArtDocumentVM.swift */ = {isa = PBXFileReference; lastKnownFileType = sourcecode.swift; path = EmojiArtDocumentVM.swift; sourceTree = "<group>"; };
		F8312306272808CE00D4E328 /* EmojiArtModel.swift */ = {isa = PBXFileReference; lastKnownFileType = sourcecode.swift; path = EmojiArtModel.swift; sourceTree = "<group>"; };
		F831230A2728132700D4E328 /* EmojiArtExtensions.swift */ = {isa = PBXFileReference; fileEncoding = 4; lastKnownFileType = sourcecode.swift; path = EmojiArtExtensions.swift; sourceTree = "<group>"; };
		F831230C2729675C00D4E328 /* OptionalImage.swift */ = {isa = PBXFileReference; lastKnownFileType = sourcecode.swift; path = OptionalImage.swift; sourceTree = "<group>"; };
		F831230E272A76F300D4E328 /* AnimatableSystemFontModifier.swift */ = {isa = PBXFileReference; fileEncoding = 4; lastKnownFileType = sourcecode.swift; path = AnimatableSystemFontModifier.swift; sourceTree = "<group>"; };
		F8312310272AAD3E00D4E328 /* Spinning.swift */ = {isa = PBXFileReference; lastKnownFileType = sourcecode.swift; path = Spinning.swift; sourceTree = "<group>"; };
/* End PBXFileReference section */

/* Begin PBXFrameworksBuildPhase section */
		F83122D42727FD9100D4E328 /* Frameworks */ = {
			isa = PBXFrameworksBuildPhase;
			buildActionMask = 2147483647;
			files = (
			);
			runOnlyForDeploymentPostprocessing = 0;
		};
		F83122E42727FD9300D4E328 /* Frameworks */ = {
			isa = PBXFrameworksBuildPhase;
			buildActionMask = 2147483647;
			files = (
			);
			runOnlyForDeploymentPostprocessing = 0;
		};
		F83122EE2727FD9300D4E328 /* Frameworks */ = {
			isa = PBXFrameworksBuildPhase;
			buildActionMask = 2147483647;
			files = (
			);
			runOnlyForDeploymentPostprocessing = 0;
		};
/* End PBXFrameworksBuildPhase section */

/* Begin PBXGroup section */
		F83122CE2727FD9100D4E328 = {
			isa = PBXGroup;
			children = (
				F83122D92727FD9100D4E328 /* EmojiArt */,
				F83122EA2727FD9300D4E328 /* EmojiArtTests */,
				F83122F42727FD9300D4E328 /* EmojiArtUITests */,
				F83122D82727FD9100D4E328 /* Products */,
			);
			sourceTree = "<group>";
		};
		F83122D82727FD9100D4E328 /* Products */ = {
			isa = PBXGroup;
			children = (
				F83122D72727FD9100D4E328 /* EmojiArt.app */,
				F83122E72727FD9300D4E328 /* EmojiArtTests.xctest */,
				F83122F12727FD9300D4E328 /* EmojiArtUITests.xctest */,
			);
			name = Products;
			sourceTree = "<group>";
		};
		F83122D92727FD9100D4E328 /* EmojiArt */ = {
			isa = PBXGroup;
			children = (
				F83122DA2727FD9100D4E328 /* EmojiArtApp.swift */,
				F83122DC2727FD9100D4E328 /* EmojiArtDocumentView.swift */,
				F8312310272AAD3E00D4E328 /* Spinning.swift */,
				F831230C2729675C00D4E328 /* OptionalImage.swift */,
				F83123042727FE0C00D4E328 /* EmojiArtDocumentVM.swift */,
				F8312306272808CE00D4E328 /* EmojiArtModel.swift */,
				F831230A2728132700D4E328 /* EmojiArtExtensions.swift */,
				F831230E272A76F300D4E328 /* AnimatableSystemFontModifier.swift */,
				F83122DE2727FD9300D4E328 /* Assets.xcassets */,
				F83122E02727FD9300D4E328 /* Preview Content */,
			);
			path = EmojiArt;
			sourceTree = "<group>";
		};
		F83122E02727FD9300D4E328 /* Preview Content */ = {
			isa = PBXGroup;
			children = (
				F83122E12727FD9300D4E328 /* Preview Assets.xcassets */,
			);
			path = "Preview Content";
			sourceTree = "<group>";
		};
		F83122EA2727FD9300D4E328 /* EmojiArtTests */ = {
			isa = PBXGroup;
			children = (
				F83122EB2727FD9300D4E328 /* EmojiArtTests.swift */,
			);
			path = EmojiArtTests;
			sourceTree = "<group>";
		};
		F83122F42727FD9300D4E328 /* EmojiArtUITests */ = {
			isa = PBXGroup;
			children = (
				F83122F52727FD9300D4E328 /* EmojiArtUITests.swift */,
				F83122F72727FD9300D4E328 /* EmojiArtUITestsLaunchTests.swift */,
			);
			path = EmojiArtUITests;
			sourceTree = "<group>";
		};
/* End PBXGroup section */

/* Begin PBXNativeTarget section */
		F83122D62727FD9100D4E328 /* EmojiArt */ = {
			isa = PBXNativeTarget;
			buildConfigurationList = F83122FB2727FD9300D4E328 /* Build configuration list for PBXNativeTarget "EmojiArt" */;
			buildPhases = (
				F83122D32727FD9100D4E328 /* Sources */,
				F83122D42727FD9100D4E328 /* Frameworks */,
				F83122D52727FD9100D4E328 /* Resources */,
			);
			buildRules = (
			);
			dependencies = (
			);
			name = EmojiArt;
			productName = EmojiArt;
			productReference = F83122D72727FD9100D4E328 /* EmojiArt.app */;
			productType = "com.apple.product-type.application";
		};
		F83122E62727FD9300D4E328 /* EmojiArtTests */ = {
			isa = PBXNativeTarget;
			buildConfigurationList = F83122FE2727FD9300D4E328 /* Build configuration list for PBXNativeTarget "EmojiArtTests" */;
			buildPhases = (
				F83122E32727FD9300D4E328 /* Sources */,
				F83122E42727FD9300D4E328 /* Frameworks */,
				F83122E52727FD9300D4E328 /* Resources */,
			);
			buildRules = (
			);
			dependencies = (
				F83122E92727FD9300D4E328 /* PBXTargetDependency */,
			);
			name = EmojiArtTests;
			productName = EmojiArtTests;
			productReference = F83122E72727FD9300D4E328 /* EmojiArtTests.xctest */;
			productType = "com.apple.product-type.bundle.unit-test";
		};
		F83122F02727FD9300D4E328 /* EmojiArtUITests */ = {
			isa = PBXNativeTarget;
			buildConfigurationList = F83123012727FD9300D4E328 /* Build configuration list for PBXNativeTarget "EmojiArtUITests" */;
			buildPhases = (
				F83122ED2727FD9300D4E328 /* Sources */,
				F83122EE2727FD9300D4E328 /* Frameworks */,
				F83122EF2727FD9300D4E328 /* Resources */,
			);
			buildRules = (
			);
			dependencies = (
				F83122F32727FD9300D4E328 /* PBXTargetDependency */,
			);
			name = EmojiArtUITests;
			productName = EmojiArtUITests;
			productReference = F83122F12727FD9300D4E328 /* EmojiArtUITests.xctest */;
			productType = "com.apple.product-type.bundle.ui-testing";
		};
/* End PBXNativeTarget section */

/* Begin PBXProject section */
		F83122CF2727FD9100D4E328 /* Project object */ = {
			isa = PBXProject;
			attributes = {
				BuildIndependentTargetsInParallel = 1;
				LastSwiftUpdateCheck = 1300;
				LastUpgradeCheck = 1300;
				TargetAttributes = {
					F83122D62727FD9100D4E328 = {
						CreatedOnToolsVersion = 13.0;
					};
					F83122E62727FD9300D4E328 = {
						CreatedOnToolsVersion = 13.0;
						TestTargetID = F83122D62727FD9100D4E328;
					};
					F83122F02727FD9300D4E328 = {
						CreatedOnToolsVersion = 13.0;
						TestTargetID = F83122D62727FD9100D4E328;
					};
				};
			};
			buildConfigurationList = F83122D22727FD9100D4E328 /* Build configuration list for PBXProject "EmojiArt" */;
			compatibilityVersion = "Xcode 13.0";
			developmentRegion = en;
			hasScannedForEncodings = 0;
			knownRegions = (
				en,
				Base,
			);
			mainGroup = F83122CE2727FD9100D4E328;
			productRefGroup = F83122D82727FD9100D4E328 /* Products */;
			projectDirPath = "";
			projectRoot = "";
			targets = (
				F83122D62727FD9100D4E328 /* EmojiArt */,
				F83122E62727FD9300D4E328 /* EmojiArtTests */,
				F83122F02727FD9300D4E328 /* EmojiArtUITests */,
			);
		};
/* End PBXProject section */

/* Begin PBXResourcesBuildPhase section */
		F83122D52727FD9100D4E328 /* Resources */ = {
			isa = PBXResourcesBuildPhase;
			buildActionMask = 2147483647;
			files = (
				F83122E22727FD9300D4E328 /* Preview Assets.xcassets in Resources */,
				F83122DF2727FD9300D4E328 /* Assets.xcassets in Resources */,
			);
			runOnlyForDeploymentPostprocessing = 0;
		};
		F83122E52727FD9300D4E328 /* Resources */ = {
			isa = PBXResourcesBuildPhase;
			buildActionMask = 2147483647;
			files = (
			);
			runOnlyForDeploymentPostprocessing = 0;
		};
		F83122EF2727FD9300D4E328 /* Resources */ = {
			isa = PBXResourcesBuildPhase;
			buildActionMask = 2147483647;
			files = (
			);
			runOnlyForDeploymentPostprocessing = 0;
		};
/* End PBXResourcesBuildPhase section */

/* Begin PBXSourcesBuildPhase section */
		F83122D32727FD9100D4E328 /* Sources */ = {
			isa = PBXSourcesBuildPhase;
			buildActionMask = 2147483647;
			files = (
				F831230F272A76F400D4E328 /* AnimatableSystemFontModifier.swift in Sources */,
				F83122DD2727FD9100D4E328 /* EmojiArtDocumentView.swift in Sources */,
				F83123052727FE0C00D4E328 /* EmojiArtDocumentVM.swift in Sources */,
				F831230B2728132700D4E328 /* EmojiArtExtensions.swift in Sources */,
				F831230D2729675C00D4E328 /* OptionalImage.swift in Sources */,
				F8312307272808CE00D4E328 /* EmojiArtModel.swift in Sources */,
				F83122DB2727FD9100D4E328 /* EmojiArtApp.swift in Sources */,
				F8312311272AAD3E00D4E328 /* Spinning.swift in Sources */,
			);
			runOnlyForDeploymentPostprocessing = 0;
		};
		F83122E32727FD9300D4E328 /* Sources */ = {
			isa = PBXSourcesBuildPhase;
			buildActionMask = 2147483647;
			files = (
				F83122EC2727FD9300D4E328 /* EmojiArtTests.swift in Sources */,
			);
			runOnlyForDeploymentPostprocessing = 0;
		};
		F83122ED2727FD9300D4E328 /* Sources */ = {
			isa = PBXSourcesBuildPhase;
			buildActionMask = 2147483647;
			files = (
				F83122F82727FD9300D4E328 /* EmojiArtUITestsLaunchTests.swift in Sources */,
				F83122F62727FD9300D4E328 /* EmojiArtUITests.swift in Sources */,
			);
			runOnlyForDeploymentPostprocessing = 0;
		};
/* End PBXSourcesBuildPhase section */

/* Begin PBXTargetDependency section */
		F83122E92727FD9300D4E328 /* PBXTargetDependency */ = {
			isa = PBXTargetDependency;
			target = F83122D62727FD9100D4E328 /* EmojiArt */;
			targetProxy = F83122E82727FD9300D4E328 /* PBXContainerItemProxy */;
		};
		F83122F32727FD9300D4E328 /* PBXTargetDependency */ = {
			isa = PBXTargetDependency;
			target = F83122D62727FD9100D4E328 /* EmojiArt */;
			targetProxy = F83122F22727FD9300D4E328 /* PBXContainerItemProxy */;
		};
/* End PBXTargetDependency section */

/* Begin XCBuildConfiguration section */
		F83122F92727FD9300D4E328 /* Debug */ = {
			isa = XCBuildConfiguration;
			buildSettings = {
				ALWAYS_SEARCH_USER_PATHS = NO;
				CLANG_ANALYZER_NONNULL = YES;
				CLANG_ANALYZER_NUMBER_OBJECT_CONVERSION = YES_AGGRESSIVE;
				CLANG_CXX_LANGUAGE_STANDARD = "gnu++17";
				CLANG_CXX_LIBRARY = "libc++";
				CLANG_ENABLE_MODULES = YES;
				CLANG_ENABLE_OBJC_ARC = YES;
				CLANG_ENABLE_OBJC_WEAK = YES;
				CLANG_WARN_BLOCK_CAPTURE_AUTORELEASING = YES;
				CLANG_WARN_BOOL_CONVERSION = YES;
				CLANG_WARN_COMMA = YES;
				CLANG_WARN_CONSTANT_CONVERSION = YES;
				CLANG_WARN_DEPRECATED_OBJC_IMPLEMENTATIONS = YES;
				CLANG_WARN_DIRECT_OBJC_ISA_USAGE = YES_ERROR;
				CLANG_WARN_DOCUMENTATION_COMMENTS = YES;
				CLANG_WARN_EMPTY_BODY = YES;
				CLANG_WARN_ENUM_CONVERSION = YES;
				CLANG_WARN_INFINITE_RECURSION = YES;
				CLANG_WARN_INT_CONVERSION = YES;
				CLANG_WARN_NON_LITERAL_NULL_CONVERSION = YES;
				CLANG_WARN_OBJC_IMPLICIT_RETAIN_SELF = YES;
				CLANG_WARN_OBJC_LITERAL_CONVERSION = YES;
				CLANG_WARN_OBJC_ROOT_CLASS = YES_ERROR;
				CLANG_WARN_QUOTED_INCLUDE_IN_FRAMEWORK_HEADER = YES;
				CLANG_WARN_RANGE_LOOP_ANALYSIS = YES;
				CLANG_WARN_STRICT_PROTOTYPES = YES;
				CLANG_WARN_SUSPICIOUS_MOVE = YES;
				CLANG_WARN_UNGUARDED_AVAILABILITY = YES_AGGRESSIVE;
				CLANG_WARN_UNREACHABLE_CODE = YES;
				CLANG_WARN__DUPLICATE_METHOD_MATCH = YES;
				COPY_PHASE_STRIP = NO;
				DEBUG_INFORMATION_FORMAT = dwarf;
				ENABLE_STRICT_OBJC_MSGSEND = YES;
				ENABLE_TESTABILITY = YES;
				GCC_C_LANGUAGE_STANDARD = gnu11;
				GCC_DYNAMIC_NO_PIC = NO;
				GCC_NO_COMMON_BLOCKS = YES;
				GCC_OPTIMIZATION_LEVEL = 0;
				GCC_PREPROCESSOR_DEFINITIONS = (
					"DEBUG=1",
					"$(inherited)",
				);
				GCC_WARN_64_TO_32_BIT_CONVERSION = YES;
				GCC_WARN_ABOUT_RETURN_TYPE = YES_ERROR;
				GCC_WARN_UNDECLARED_SELECTOR = YES;
				GCC_WARN_UNINITIALIZED_AUTOS = YES_AGGRESSIVE;
				GCC_WARN_UNUSED_FUNCTION = YES;
				GCC_WARN_UNUSED_VARIABLE = YES;
				IPHONEOS_DEPLOYMENT_TARGET = 15.0;
				MTL_ENABLE_DEBUG_INFO = INCLUDE_SOURCE;
				MTL_FAST_MATH = YES;
				ONLY_ACTIVE_ARCH = YES;
				SDKROOT = iphoneos;
				SWIFT_ACTIVE_COMPILATION_CONDITIONS = DEBUG;
				SWIFT_OPTIMIZATION_LEVEL = "-Onone";
			};
			name = Debug;
		};
		F83122FA2727FD9300D4E328 /* Release */ = {
			isa = XCBuildConfiguration;
			buildSettings = {
				ALWAYS_SEARCH_USER_PATHS = NO;
				CLANG_ANALYZER_NONNULL = YES;
				CLANG_ANALYZER_NUMBER_OBJECT_CONVERSION = YES_AGGRESSIVE;
				CLANG_CXX_LANGUAGE_STANDARD = "gnu++17";
				CLANG_CXX_LIBRARY = "libc++";
				CLANG_ENABLE_MODULES = YES;
				CLANG_ENABLE_OBJC_ARC = YES;
				CLANG_ENABLE_OBJC_WEAK = YES;
				CLANG_WARN_BLOCK_CAPTURE_AUTORELEASING = YES;
				CLANG_WARN_BOOL_CONVERSION = YES;
				CLANG_WARN_COMMA = YES;
				CLANG_WARN_CONSTANT_CONVERSION = YES;
				CLANG_WARN_DEPRECATED_OBJC_IMPLEMENTATIONS = YES;
				CLANG_WARN_DIRECT_OBJC_ISA_USAGE = YES_ERROR;
				CLANG_WARN_DOCUMENTATION_COMMENTS = YES;
				CLANG_WARN_EMPTY_BODY = YES;
				CLANG_WARN_ENUM_CONVERSION = YES;
				CLANG_WARN_INFINITE_RECURSION = YES;
				CLANG_WARN_INT_CONVERSION = YES;
				CLANG_WARN_NON_LITERAL_NULL_CONVERSION = YES;
				CLANG_WARN_OBJC_IMPLICIT_RETAIN_SELF = YES;
				CLANG_WARN_OBJC_LITERAL_CONVERSION = YES;
				CLANG_WARN_OBJC_ROOT_CLASS = YES_ERROR;
				CLANG_WARN_QUOTED_INCLUDE_IN_FRAMEWORK_HEADER = YES;
				CLANG_WARN_RANGE_LOOP_ANALYSIS = YES;
				CLANG_WARN_STRICT_PROTOTYPES = YES;
				CLANG_WARN_SUSPICIOUS_MOVE = YES;
				CLANG_WARN_UNGUARDED_AVAILABILITY = YES_AGGRESSIVE;
				CLANG_WARN_UNREACHABLE_CODE = YES;
				CLANG_WARN__DUPLICATE_METHOD_MATCH = YES;
				COPY_PHASE_STRIP = NO;
				DEBUG_INFORMATION_FORMAT = "dwarf-with-dsym";
				ENABLE_NS_ASSERTIONS = NO;
				ENABLE_STRICT_OBJC_MSGSEND = YES;
				GCC_C_LANGUAGE_STANDARD = gnu11;
				GCC_NO_COMMON_BLOCKS = YES;
				GCC_WARN_64_TO_32_BIT_CONVERSION = YES;
				GCC_WARN_ABOUT_RETURN_TYPE = YES_ERROR;
				GCC_WARN_UNDECLARED_SELECTOR = YES;
				GCC_WARN_UNINITIALIZED_AUTOS = YES_AGGRESSIVE;
				GCC_WARN_UNUSED_FUNCTION = YES;
				GCC_WARN_UNUSED_VARIABLE = YES;
				IPHONEOS_DEPLOYMENT_TARGET = 15.0;
				MTL_ENABLE_DEBUG_INFO = NO;
				MTL_FAST_MATH = YES;
				SDKROOT = iphoneos;
				SWIFT_COMPILATION_MODE = wholemodule;
				SWIFT_OPTIMIZATION_LEVEL = "-O";
				VALIDATE_PRODUCT = YES;
			};
			name = Release;
		};
		F83122FC2727FD9300D4E328 /* Debug */ = {
			isa = XCBuildConfiguration;
			buildSettings = {
				ASSETCATALOG_COMPILER_APPICON_NAME = AppIcon;
				ASSETCATALOG_COMPILER_GLOBAL_ACCENT_COLOR_NAME = AccentColor;
				CODE_SIGN_STYLE = Automatic;
				CURRENT_PROJECT_VERSION = 1;
				DEVELOPMENT_ASSET_PATHS = "\"EmojiArt/Preview Content\"";
				DEVELOPMENT_TEAM = J52S9LK6B9;
				ENABLE_PREVIEWS = YES;
				GENERATE_INFOPLIST_FILE = YES;
				INFOPLIST_KEY_UIApplicationSceneManifest_Generation = YES;
				INFOPLIST_KEY_UIApplicationSupportsIndirectInputEvents = YES;
				INFOPLIST_KEY_UILaunchScreen_Generation = YES;
				INFOPLIST_KEY_UISupportedInterfaceOrientations_iPad = "UIInterfaceOrientationPortrait UIInterfaceOrientationPortraitUpsideDown UIInterfaceOrientationLandscapeLeft UIInterfaceOrientationLandscapeRight";
				INFOPLIST_KEY_UISupportedInterfaceOrientations_iPhone = "UIInterfaceOrientationPortrait UIInterfaceOrientationLandscapeLeft UIInterfaceOrientationLandscapeRight";
				IPHONEOS_DEPLOYMENT_TARGET = 14.0;
				LD_RUNPATH_SEARCH_PATHS = (
					"$(inherited)",
					"@executable_path/Frameworks",
				);
				MARKETING_VERSION = 1.0;
				PRODUCT_BUNDLE_IDENTIFIER = com.jsm2018.EmojiArt;
				PRODUCT_NAME = "$(TARGET_NAME)";
				SWIFT_EMIT_LOC_STRINGS = YES;
				SWIFT_VERSION = 5.0;
				TARGETED_DEVICE_FAMILY = "1,2";
			};
			name = Debug;
		};
		F83122FD2727FD9300D4E328 /* Release */ = {
			isa = XCBuildConfiguration;
			buildSettings = {
				ASSETCATALOG_COMPILER_APPICON_NAME = AppIcon;
				ASSETCATALOG_COMPILER_GLOBAL_ACCENT_COLOR_NAME = AccentColor;
				CODE_SIGN_STYLE = Automatic;
				CURRENT_PROJECT_VERSION = 1;
				DEVELOPMENT_ASSET_PATHS = "\"EmojiArt/Preview Content\"";
				DEVELOPMENT_TEAM = J52S9LK6B9;
				ENABLE_PREVIEWS = YES;
				GENERATE_INFOPLIST_FILE = YES;
				INFOPLIST_KEY_UIApplicationSceneManifest_Generation = YES;
				INFOPLIST_KEY_UIApplicationSupportsIndirectInputEvents = YES;
				INFOPLIST_KEY_UILaunchScreen_Generation = YES;
				INFOPLIST_KEY_UISupportedInterfaceOrientations_iPad = "UIInterfaceOrientationPortrait UIInterfaceOrientationPortraitUpsideDown UIInterfaceOrientationLandscapeLeft UIInterfaceOrientationLandscapeRight";
				INFOPLIST_KEY_UISupportedInterfaceOrientations_iPhone = "UIInterfaceOrientationPortrait UIInterfaceOrientationLandscapeLeft UIInterfaceOrientationLandscapeRight";
				IPHONEOS_DEPLOYMENT_TARGET = 14.0;
				LD_RUNPATH_SEARCH_PATHS = (
					"$(inherited)",
					"@executable_path/Frameworks",
				);
				MARKETING_VERSION = 1.0;
				PRODUCT_BUNDLE_IDENTIFIER = com.jsm2018.EmojiArt;
				PRODUCT_NAME = "$(TARGET_NAME)";
				SWIFT_EMIT_LOC_STRINGS = YES;
				SWIFT_VERSION = 5.0;
				TARGETED_DEVICE_FAMILY = "1,2";
			};
			name = Release;
		};
		F83122FF2727FD9300D4E328 /* Debug */ = {
			isa = XCBuildConfiguration;
			buildSettings = {
				ALWAYS_EMBED_SWIFT_STANDARD_LIBRARIES = YES;
				BUNDLE_LOADER = "$(TEST_HOST)";
				CODE_SIGN_STYLE = Automatic;
				CURRENT_PROJECT_VERSION = 1;
				DEVELOPMENT_TEAM = J52S9LK6B9;
				GENERATE_INFOPLIST_FILE = YES;
				IPHONEOS_DEPLOYMENT_TARGET = 14.0;
				LD_RUNPATH_SEARCH_PATHS = (
					"$(inherited)",
					"@executable_path/Frameworks",
					"@loader_path/Frameworks",
				);
				MARKETING_VERSION = 1.0;
				PRODUCT_BUNDLE_IDENTIFIER = com.jsm2018.EmojiArtTests;
				PRODUCT_NAME = "$(TARGET_NAME)";
				SWIFT_EMIT_LOC_STRINGS = NO;
				SWIFT_VERSION = 5.0;
				TARGETED_DEVICE_FAMILY = "1,2";
				TEST_HOST = "$(BUILT_PRODUCTS_DIR)/EmojiArt.app/EmojiArt";
			};
			name = Debug;
		};
		F83123002727FD9300D4E328 /* Release */ = {
			isa = XCBuildConfiguration;
			buildSettings = {
				ALWAYS_EMBED_SWIFT_STANDARD_LIBRARIES = YES;
				BUNDLE_LOADER = "$(TEST_HOST)";
				CODE_SIGN_STYLE = Automatic;
				CURRENT_PROJECT_VERSION = 1;
				DEVELOPMENT_TEAM = J52S9LK6B9;
				GENERATE_INFOPLIST_FILE = YES;
				IPHONEOS_DEPLOYMENT_TARGET = 14.0;
				LD_RUNPATH_SEARCH_PATHS = (
					"$(inherited)",
					"@executable_path/Frameworks",
					"@loader_path/Frameworks",
				);
				MARKETING_VERSION = 1.0;
				PRODUCT_BUNDLE_IDENTIFIER = com.jsm2018.EmojiArtTests;
				PRODUCT_NAME = "$(TARGET_NAME)";
				SWIFT_EMIT_LOC_STRINGS = NO;
				SWIFT_VERSION = 5.0;
				TARGETED_DEVICE_FAMILY = "1,2";
				TEST_HOST = "$(BUILT_PRODUCTS_DIR)/EmojiArt.app/EmojiArt";
			};
			name = Release;
		};
		F83123022727FD9300D4E328 /* Debug */ = {
			isa = XCBuildConfiguration;
			buildSettings = {
				ALWAYS_EMBED_SWIFT_STANDARD_LIBRARIES = YES;
				CODE_SIGN_STYLE = Automatic;
				CURRENT_PROJECT_VERSION = 1;
				DEVELOPMENT_TEAM = J52S9LK6B9;
				GENERATE_INFOPLIST_FILE = YES;
				LD_RUNPATH_SEARCH_PATHS = (
					"$(inherited)",
					"@executable_path/Frameworks",
					"@loader_path/Frameworks",
				);
				MARKETING_VERSION = 1.0;
				PRODUCT_BUNDLE_IDENTIFIER = com.jsm2018.EmojiArtUITests;
				PRODUCT_NAME = "$(TARGET_NAME)";
				SWIFT_EMIT_LOC_STRINGS = NO;
				SWIFT_VERSION = 5.0;
				TARGETED_DEVICE_FAMILY = "1,2";
				TEST_TARGET_NAME = EmojiArt;
			};
			name = Debug;
		};
		F83123032727FD9300D4E328 /* Release */ = {
			isa = XCBuildConfiguration;
			buildSettings = {
				ALWAYS_EMBED_SWIFT_STANDARD_LIBRARIES = YES;
				CODE_SIGN_STYLE = Automatic;
				CURRENT_PROJECT_VERSION = 1;
				DEVELOPMENT_TEAM = J52S9LK6B9;
				GENERATE_INFOPLIST_FILE = YES;
				LD_RUNPATH_SEARCH_PATHS = (
					"$(inherited)",
					"@executable_path/Frameworks",
					"@loader_path/Frameworks",
				);
				MARKETING_VERSION = 1.0;
				PRODUCT_BUNDLE_IDENTIFIER = com.jsm2018.EmojiArtUITests;
				PRODUCT_NAME = "$(TARGET_NAME)";
				SWIFT_EMIT_LOC_STRINGS = NO;
				SWIFT_VERSION = 5.0;
				TARGETED_DEVICE_FAMILY = "1,2";
				TEST_TARGET_NAME = EmojiArt;
			};
			name = Release;
		};
/* End XCBuildConfiguration section */

/* Begin XCConfigurationList section */
		F83122D22727FD9100D4E328 /* Build configuration list for PBXProject "EmojiArt" */ = {
			isa = XCConfigurationList;
			buildConfigurations = (
				F83122F92727FD9300D4E328 /* Debug */,
				F83122FA2727FD9300D4E328 /* Release */,
			);
			defaultConfigurationIsVisible = 0;
			defaultConfigurationName = Release;
		};
		F83122FB2727FD9300D4E328 /* Build configuration list for PBXNativeTarget "EmojiArt" */ = {
			isa = XCConfigurationList;
			buildConfigurations = (
				F83122FC2727FD9300D4E328 /* Debug */,
				F83122FD2727FD9300D4E328 /* Release */,
			);
			defaultConfigurationIsVisible = 0;
			defaultConfigurationName = Release;
		};
		F83122FE2727FD9300D4E328 /* Build configuration list for PBXNativeTarget "EmojiArtTests" */ = {
			isa = XCConfigurationList;
			buildConfigurations = (
				F83122FF2727FD9300D4E328 /* Debug */,
				F83123002727FD9300D4E328 /* Release */,
			);
			defaultConfigurationIsVisible = 0;
			defaultConfigurationName = Release;
		};
		F83123012727FD9300D4E328 /* Build configuration list for PBXNativeTarget "EmojiArtUITests" */ = {
			isa = XCConfigurationList;
			buildConfigurations = (
				F83123022727FD9300D4E328 /* Debug */,
				F83123032727FD9300D4E328 /* Release */,
			);
			defaultConfigurationIsVisible = 0;
			defaultConfigurationName = Release;
		};
/* End XCConfigurationList section */
	};
	rootObject = F83122CF2727FD9100D4E328 /* Project object */;
}
